// !$*UTF8*$!
{
	archiveVersion = 1;
	classes = {
	};
	objectVersion = 48;
	objects = {

/* Begin PBXBuildFile section */
		3F5045E0205D2494006B7664 /* DataModel.xcdatamodeld in Sources */ = {isa = PBXBuildFile; fileRef = 3F5045DE205D2494006B7664 /* DataModel.xcdatamodeld */; };
		3F890CE1204C438500FF835A /* AppDelegate.swift in Sources */ = {isa = PBXBuildFile; fileRef = 3F890CE0204C438500FF835A /* AppDelegate.swift */; };
		3F890CE3204C438500FF835A /* TodoListViewController.swift in Sources */ = {isa = PBXBuildFile; fileRef = 3F890CE2204C438500FF835A /* TodoListViewController.swift */; };
		3F890CE6204C438500FF835A /* Main.storyboard in Resources */ = {isa = PBXBuildFile; fileRef = 3F890CE4204C438500FF835A /* Main.storyboard */; };
		3F890CE8204C438500FF835A /* Assets.xcassets in Resources */ = {isa = PBXBuildFile; fileRef = 3F890CE7204C438500FF835A /* Assets.xcassets */; };
		3F890CEB204C438500FF835A /* LaunchScreen.storyboard in Resources */ = {isa = PBXBuildFile; fileRef = 3F890CE9204C438500FF835A /* LaunchScreen.storyboard */; };
		3F979BB0208FCF9C00273B9A /* CategoryViewController.swift in Sources */ = {isa = PBXBuildFile; fileRef = 3F979BAF208FCF9C00273B9A /* CategoryViewController.swift */; };
/* End PBXBuildFile section */

/* Begin PBXFileReference section */
		3F5045DF205D2494006B7664 /* DataModel.xcdatamodel */ = {isa = PBXFileReference; lastKnownFileType = wrapper.xcdatamodel; path = DataModel.xcdatamodel; sourceTree = "<group>"; };
		3F890CDD204C438500FF835A /* Todoey.app */ = {isa = PBXFileReference; explicitFileType = wrapper.application; includeInIndex = 0; path = Todoey.app; sourceTree = BUILT_PRODUCTS_DIR; };
		3F890CE0204C438500FF835A /* AppDelegate.swift */ = {isa = PBXFileReference; lastKnownFileType = sourcecode.swift; path = AppDelegate.swift; sourceTree = "<group>"; };
		3F890CE2204C438500FF835A /* TodoListViewController.swift */ = {isa = PBXFileReference; lastKnownFileType = sourcecode.swift; path = TodoListViewController.swift; sourceTree = "<group>"; };
		3F890CE5204C438500FF835A /* Base */ = {isa = PBXFileReference; lastKnownFileType = file.storyboard; name = Base; path = Base.lproj/Main.storyboard; sourceTree = "<group>"; };
		3F890CE7204C438500FF835A /* Assets.xcassets */ = {isa = PBXFileReference; lastKnownFileType = folder.assetcatalog; path = Assets.xcassets; sourceTree = "<group>"; };
		3F890CEA204C438500FF835A /* Base */ = {isa = PBXFileReference; lastKnownFileType = file.storyboard; name = Base; path = Base.lproj/LaunchScreen.storyboard; sourceTree = "<group>"; };
		3F890CEC204C438500FF835A /* Info.plist */ = {isa = PBXFileReference; lastKnownFileType = text.plist.xml; path = Info.plist; sourceTree = "<group>"; };
		3F979BAF208FCF9C00273B9A /* CategoryViewController.swift */ = {isa = PBXFileReference; lastKnownFileType = sourcecode.swift; path = CategoryViewController.swift; sourceTree = "<group>"; };
/* End PBXFileReference section */

/* Begin PBXFrameworksBuildPhase section */
		3F890CDA204C438400FF835A /* Frameworks */ = {
			isa = PBXFrameworksBuildPhase;
			buildActionMask = 2147483647;
			files = (
			);
			runOnlyForDeploymentPostprocessing = 0;
		};
/* End PBXFrameworksBuildPhase section */

/* Begin PBXGroup section */
		3F890CD4204C438400FF835A = {
			isa = PBXGroup;
			children = (
				3F890CDF204C438500FF835A /* Todoey */,
				3F890CDE204C438500FF835A /* Products */,
			);
			sourceTree = "<group>";
		};
		3F890CDE204C438500FF835A /* Products */ = {
			isa = PBXGroup;
			children = (
				3F890CDD204C438500FF835A /* Todoey.app */,
			);
			name = Products;
			sourceTree = "<group>";
		};
		3F890CDF204C438500FF835A /* Todoey */ = {
			isa = PBXGroup;
			children = (
				3FB5F6C32055B9AB00BBEBBD /* Controllers */,
				3FB5F6C22055B9A300BBEBBD /* Views */,
				3FB5F6C12055B99E00BBEBBD /* Models */,
				3F890CE0204C438500FF835A /* AppDelegate.swift */,
				3F890CE7204C438500FF835A /* Assets.xcassets */,
				3F890CE9204C438500FF835A /* LaunchScreen.storyboard */,
				3F890CEC204C438500FF835A /* Info.plist */,
			);
			path = Todoey;
			sourceTree = "<group>";
		};
		3FB5F6C12055B99E00BBEBBD /* Models */ = {
			isa = PBXGroup;
			children = (
				3F5045DE205D2494006B7664 /* DataModel.xcdatamodeld */,
			);
			path = Models;
			sourceTree = "<group>";
		};
		3FB5F6C22055B9A300BBEBBD /* Views */ = {
			isa = PBXGroup;
			children = (
				3F890CE4204C438500FF835A /* Main.storyboard */,
			);
			path = Views;
			sourceTree = "<group>";
		};
		3FB5F6C32055B9AB00BBEBBD /* Controllers */ = {
			isa = PBXGroup;
			children = (
				3F979BAF208FCF9C00273B9A /* CategoryViewController.swift */,
				3F890CE2204C438500FF835A /* TodoListViewController.swift */,
			);
			path = Controllers;
			sourceTree = "<group>";
		};
/* End PBXGroup section */

/* Begin PBXNativeTarget section */
		3F890CDC204C438400FF835A /* Todoey */ = {
			isa = PBXNativeTarget;
			buildConfigurationList = 3F890CEF204C438500FF835A /* Build configuration list for PBXNativeTarget "Todoey" */;
			buildPhases = (
				3F890CD9204C438400FF835A /* Sources */,
				3F890CDA204C438400FF835A /* Frameworks */,
				3F890CDB204C438400FF835A /* Resources */,
			);
			buildRules = (
			);
			dependencies = (
			);
			name = Todoey;
			productName = Todoey;
			productReference = 3F890CDD204C438500FF835A /* Todoey.app */;
			productType = "com.apple.product-type.application";
		};
/* End PBXNativeTarget section */

/* Begin PBXProject section */
		3F890CD5204C438400FF835A /* Project object */ = {
			isa = PBXProject;
			attributes = {
				LastSwiftUpdateCheck = 0920;
				LastUpgradeCheck = 0920;
				ORGANIZATIONNAME = "Seasalt Digital";
				TargetAttributes = {
					3F890CDC204C438400FF835A = {
						CreatedOnToolsVersion = 9.2;
						ProvisioningStyle = Automatic;
					};
				};
			};
			buildConfigurationList = 3F890CD8204C438400FF835A /* Build configuration list for PBXProject "Todoey" */;
			compatibilityVersion = "Xcode 8.0";
			developmentRegion = en;
			hasScannedForEncodings = 0;
			knownRegions = (
				en,
				Base,
			);
			mainGroup = 3F890CD4204C438400FF835A;
			productRefGroup = 3F890CDE204C438500FF835A /* Products */;
			projectDirPath = "";
			projectRoot = "";
			targets = (
				3F890CDC204C438400FF835A /* Todoey */,
			);
		};
/* End PBXProject section */

/* Begin PBXResourcesBuildPhase section */
		3F890CDB204C438400FF835A /* Resources */ = {
			isa = PBXResourcesBuildPhase;
			buildActionMask = 2147483647;
			files = (
				3F890CEB204C438500FF835A /* LaunchScreen.storyboard in Resources */,
				3F890CE8204C438500FF835A /* Assets.xcassets in Resources */,
				3F890CE6204C438500FF835A /* Main.storyboard in Resources */,
			);
			runOnlyForDeploymentPostprocessing = 0;
		};
/* End PBXResourcesBuildPhase section */

/* Begin PBXSourcesBuildPhase section */
		3F890CD9204C438400FF835A /* Sources */ = {
			isa = PBXSourcesBuildPhase;
			buildActionMask = 2147483647;
			files = (
				3F979BB0208FCF9C00273B9A /* CategoryViewController.swift in Sources */,
				3F890CE3204C438500FF835A /* TodoListViewController.swift in Sources */,
				3F5045E0205D2494006B7664 /* DataModel.xcdatamodeld in Sources */,
				3F890CE1204C438500FF835A /* AppDelegate.swift in Sources */,
			);
			runOnlyForDeploymentPostprocessing = 0;
		};
/* End PBXSourcesBuildPhase section */

/* Begin PBXVariantGroup section */
		3F890CE4204C438500FF835A /* Main.storyboard */ = {
			isa = PBXVariantGroup;
			children = (
				3F890CE5204C438500FF835A /* Base */,
			);
			name = Main.storyboard;
			sourceTree = "<group>";
		};
		3F890CE9204C438500FF835A /* LaunchScreen.storyboard */ = {
			isa = PBXVariantGroup;
			children = (
				3F890CEA204C438500FF835A /* Base */,
			);
			name = LaunchScreen.storyboard;
			sourceTree = "<group>";
		};
/* End PBXVariantGroup section */

/* Begin XCBuildConfiguration section */
		3F890CED204C438500FF835A /* Debug */ = {
			isa = XCBuildConfiguration;
			buildSettings = {
				ALWAYS_SEARCH_USER_PATHS = NO;
				CLANG_ANALYZER_NONNULL = YES;
				CLANG_ANALYZER_NUMBER_OBJECT_CONVERSION = YES_AGGRESSIVE;
				CLANG_CXX_LANGUAGE_STANDARD = "gnu++14";
				CLANG_CXX_LIBRARY = "libc++";
				CLANG_ENABLE_MODULES = YES;
				CLANG_ENABLE_OBJC_ARC = YES;
				CLANG_WARN_BLOCK_CAPTURE_AUTORELEASING = YES;
				CLANG_WARN_BOOL_CONVERSION = YES;
				CLANG_WARN_COMMA = YES;
				CLANG_WARN_CONSTANT_CONVERSION = YES;
				CLANG_WARN_DIRECT_OBJC_ISA_USAGE = YES_ERROR;
				CLANG_WARN_DOCUMENTATION_COMMENTS = YES;
				CLANG_WARN_EMPTY_BODY = YES;
				CLANG_WARN_ENUM_CONVERSION = YES;
				CLANG_WARN_INFINITE_RECURSION = YES;
				CLANG_WARN_INT_CONVERSION = YES;
				CLANG_WARN_NON_LITERAL_NULL_CONVERSION = YES;
				CLANG_WARN_OBJC_LITERAL_CONVERSION = YES;
				CLANG_WARN_OBJC_ROOT_CLASS = YES_ERROR;
				CLANG_WARN_RANGE_LOOP_ANALYSIS = YES;
				CLANG_WARN_STRICT_PROTOTYPES = YES;
				CLANG_WARN_SUSPICIOUS_MOVE = YES;
				CLANG_WARN_UNGUARDED_AVAILABILITY = YES_AGGRESSIVE;
				CLANG_WARN_UNREACHABLE_CODE = YES;
				CLANG_WARN__DUPLICATE_METHOD_MATCH = YES;
				CODE_SIGN_IDENTITY = "iPhone Developer";
				COPY_PHASE_STRIP = NO;
				DEBUG_INFORMATION_FORMAT = dwarf;
				ENABLE_STRICT_OBJC_MSGSEND = YES;
				ENABLE_TESTABILITY = YES;
				GCC_C_LANGUAGE_STANDARD = gnu11;
				GCC_DYNAMIC_NO_PIC = NO;
				GCC_NO_COMMON_BLOCKS = YES;
				GCC_OPTIMIZATION_LEVEL = 0;
				GCC_PREPROCESSOR_DEFINITIONS = (
					"DEBUG=1",
					"$(inherited)",
				);
				GCC_WARN_64_TO_32_BIT_CONVERSION = YES;
				GCC_WARN_ABOUT_RETURN_TYPE = YES_ERROR;
				GCC_WARN_UNDECLARED_SELECTOR = YES;
				GCC_WARN_UNINITIALIZED_AUTOS = YES_AGGRESSIVE;
				GCC_WARN_UNUSED_FUNCTION = YES;
				GCC_WARN_UNUSED_VARIABLE = YES;
				IPHONEOS_DEPLOYMENT_TARGET = 11.2;
				MTL_ENABLE_DEBUG_INFO = YES;
				ONLY_ACTIVE_ARCH = YES;
				SDKROOT = iphoneos;
				SWIFT_ACTIVE_COMPILATION_CONDITIONS = DEBUG;
				SWIFT_OPTIMIZATION_LEVEL = "-Onone";
			};
			name = Debug;
		};
		3F890CEE204C438500FF835A /* Release */ = {
			isa = XCBuildConfiguration;
			buildSettings = {
				ALWAYS_SEARCH_USER_PATHS = NO;
				CLANG_ANALYZER_NONNULL = YES;
				CLANG_ANALYZER_NUMBER_OBJECT_CONVERSION = YES_AGGRESSIVE;
				CLANG_CXX_LANGUAGE_STANDARD = "gnu++14";
				CLANG_CXX_LIBRARY = "libc++";
				CLANG_ENABLE_MODULES = YES;
				CLANG_ENABLE_OBJC_ARC = YES;
				CLANG_WARN_BLOCK_CAPTURE_AUTORELEASING = YES;
				CLANG_WARN_BOOL_CONVERSION = YES;
				CLANG_WARN_COMMA = YES;
				CLANG_WARN_CONSTANT_CONVERSION = YES;
				CLANG_WARN_DIRECT_OBJC_ISA_USAGE = YES_ERROR;
				CLANG_WARN_DOCUMENTATION_COMMENTS = YES;
				CLANG_WARN_EMPTY_BODY = YES;
				CLANG_WARN_ENUM_CONVERSION = YES;
				CLANG_WARN_INFINITE_RECURSION = YES;
				CLANG_WARN_INT_CONVERSION = YES;
				CLANG_WARN_NON_LITERAL_NULL_CONVERSION = YES;
				CLANG_WARN_OBJC_LITERAL_CONVERSION = YES;
				CLANG_WARN_OBJC_ROOT_CLASS = YES_ERROR;
				CLANG_WARN_RANGE_LOOP_ANALYSIS = YES;
				CLANG_WARN_STRICT_PROTOTYPES = YES;
				CLANG_WARN_SUSPICIOUS_MOVE = YES;
				CLANG_WARN_UNGUARDED_AVAILABILITY = YES_AGGRESSIVE;
				CLANG_WARN_UNREACHABLE_CODE = YES;
				CLANG_WARN__DUPLICATE_METHOD_MATCH = YES;
				CODE_SIGN_IDENTITY = "iPhone Developer";
				COPY_PHASE_STRIP = NO;
				DEBUG_INFORMATION_FORMAT = "dwarf-with-dsym";
				ENABLE_NS_ASSERTIONS = NO;
				ENABLE_STRICT_OBJC_MSGSEND = YES;
				GCC_C_LANGUAGE_STANDARD = gnu11;
				GCC_NO_COMMON_BLOCKS = YES;
				GCC_WARN_64_TO_32_BIT_CONVERSION = YES;
				GCC_WARN_ABOUT_RETURN_TYPE = YES_ERROR;
				GCC_WARN_UNDECLARED_SELECTOR = YES;
				GCC_WARN_UNINITIALIZED_AUTOS = YES_AGGRESSIVE;
				GCC_WARN_UNUSED_FUNCTION = YES;
				GCC_WARN_UNUSED_VARIABLE = YES;
				IPHONEOS_DEPLOYMENT_TARGET = 11.2;
				MTL_ENABLE_DEBUG_INFO = NO;
				SDKROOT = iphoneos;
				SWIFT_OPTIMIZATION_LEVEL = "-Owholemodule";
				VALIDATE_PRODUCT = YES;
			};
			name = Release;
		};
		3F890CF0204C438500FF835A /* Debug */ = {
			isa = XCBuildConfiguration;
			buildSettings = {
				ASSETCATALOG_COMPILER_APPICON_NAME = AppIcon;
				CODE_SIGN_STYLE = Automatic;
				INFOPLIST_FILE = Todoey/Info.plist;
				LD_RUNPATH_SEARCH_PATHS = "$(inherited) @executable_path/Frameworks";
				PRODUCT_BUNDLE_IDENTIFIER = digital.seasalt.Todoey;
				PRODUCT_NAME = "$(TARGET_NAME)";
				SWIFT_VERSION = 4.0;
				TARGETED_DEVICE_FAMILY = "1,2";
			};
			name = Debug;
		};
		3F890CF1204C438500FF835A /* Release */ = {
			isa = XCBuildConfiguration;
			buildSettings = {
				ASSETCATALOG_COMPILER_APPICON_NAME = AppIcon;
				CODE_SIGN_STYLE = Automatic;
				INFOPLIST_FILE = Todoey/Info.plist;
				LD_RUNPATH_SEARCH_PATHS = "$(inherited) @executable_path/Frameworks";
				PRODUCT_BUNDLE_IDENTIFIER = digital.seasalt.Todoey;
				PRODUCT_NAME = "$(TARGET_NAME)";
				SWIFT_VERSION = 4.0;
				TARGETED_DEVICE_FAMILY = "1,2";
			};
			name = Release;
		};
/* End XCBuildConfiguration section */

/* Begin XCConfigurationList section */
		3F890CD8204C438400FF835A /* Build configuration list for PBXProject "Todoey" */ = {
			isa = XCConfigurationList;
			buildConfigurations = (
				3F890CED204C438500FF835A /* Debug */,
				3F890CEE204C438500FF835A /* Release */,
			);
			defaultConfigurationIsVisible = 0;
			defaultConfigurationName = Release;
		};
		3F890CEF204C438500FF835A /* Build configuration list for PBXNativeTarget "Todoey" */ = {
			isa = XCConfigurationList;
			buildConfigurations = (
				3F890CF0204C438500FF835A /* Debug */,
				3F890CF1204C438500FF835A /* Release */,
			);
			defaultConfigurationIsVisible = 0;
			defaultConfigurationName = Release;
		};
/* End XCConfigurationList section */

/* Begin XCVersionGroup section */
		3F5045DE205D2494006B7664 /* DataModel.xcdatamodeld */ = {
			isa = XCVersionGroup;
			children = (
				3F5045DF205D2494006B7664 /* DataModel.xcdatamodel */,
			);
			currentVersion = 3F5045DF205D2494006B7664 /* DataModel.xcdatamodel */;
			path = DataModel.xcdatamodeld;
			sourceTree = "<group>";
			versionGroupType = wrapper.xcdatamodel;
		};
/* End XCVersionGroup section */
	};
	rootObject = 3F890CD5204C438400FF835A /* Project object */;
}
